// !$*UTF8*$!
{
	archiveVersion = 1;
	classes = {
	};
	objectVersion = 50;
	objects = {

/* Begin PBXBuildFile section */
		76839B6A2474E7FD00A47AE7 /* CategoriesVC.swift in Sources */ = {isa = PBXBuildFile; fileRef = 76839B692474E7FD00A47AE7 /* CategoriesVC.swift */; };
		76839B6D2475063A00A47AE7 /* DataService.swift in Sources */ = {isa = PBXBuildFile; fileRef = 76839B6C2475063A00A47AE7 /* DataService.swift */; };
		76839B6F2475092E00A47AE7 /* Category.swift in Sources */ = {isa = PBXBuildFile; fileRef = 76839B6E2475092E00A47AE7 /* Category.swift */; };
		76839B712478D4E000A47AE7 /* ProductCell.swift in Sources */ = {isa = PBXBuildFile; fileRef = 76839B702478D4E000A47AE7 /* ProductCell.swift */; };
		76839B732478D84200A47AE7 /* Product.swift in Sources */ = {isa = PBXBuildFile; fileRef = 76839B722478D84200A47AE7 /* Product.swift */; };
		76839B752478E4E300A47AE7 /* ProductsVC.swift in Sources */ = {isa = PBXBuildFile; fileRef = 76839B742478E4E300A47AE7 /* ProductsVC.swift */; };
		769F0E542474D71B00B14584 /* AppDelegate.swift in Sources */ = {isa = PBXBuildFile; fileRef = 769F0E532474D71B00B14584 /* AppDelegate.swift */; };
		769F0E562474D71B00B14584 /* SceneDelegate.swift in Sources */ = {isa = PBXBuildFile; fileRef = 769F0E552474D71B00B14584 /* SceneDelegate.swift */; };
		769F0E5B2474D71B00B14584 /* Main.storyboard in Resources */ = {isa = PBXBuildFile; fileRef = 769F0E592474D71B00B14584 /* Main.storyboard */; };
		769F0E5D2474D71F00B14584 /* Assets.xcassets in Resources */ = {isa = PBXBuildFile; fileRef = 769F0E5C2474D71F00B14584 /* Assets.xcassets */; };
		769F0E602474D71F00B14584 /* LaunchScreen.storyboard in Resources */ = {isa = PBXBuildFile; fileRef = 769F0E5E2474D71F00B14584 /* LaunchScreen.storyboard */; };
		769F0E6B2474E24600B14584 /* CategoryCell.swift in Sources */ = {isa = PBXBuildFile; fileRef = 769F0E6A2474E24600B14584 /* CategoryCell.swift */; };
/* End PBXBuildFile section */

/* Begin PBXFileReference section */
		76839B692474E7FD00A47AE7 /* CategoriesVC.swift */ = {isa = PBXFileReference; lastKnownFileType = sourcecode.swift; path = CategoriesVC.swift; sourceTree = "<group>"; };
		76839B6C2475063A00A47AE7 /* DataService.swift */ = {isa = PBXFileReference; lastKnownFileType = sourcecode.swift; path = DataService.swift; sourceTree = "<group>"; };
		76839B6E2475092E00A47AE7 /* Category.swift */ = {isa = PBXFileReference; lastKnownFileType = sourcecode.swift; path = Category.swift; sourceTree = "<group>"; };
		76839B702478D4E000A47AE7 /* ProductCell.swift */ = {isa = PBXFileReference; lastKnownFileType = sourcecode.swift; path = ProductCell.swift; sourceTree = "<group>"; };
		76839B722478D84200A47AE7 /* Product.swift */ = {isa = PBXFileReference; lastKnownFileType = sourcecode.swift; path = Product.swift; sourceTree = "<group>"; };
		76839B742478E4E300A47AE7 /* ProductsVC.swift */ = {isa = PBXFileReference; lastKnownFileType = sourcecode.swift; path = ProductsVC.swift; sourceTree = "<group>"; };
		769F0E502474D71B00B14584 /* Coder Swag App.app */ = {isa = PBXFileReference; explicitFileType = wrapper.application; includeInIndex = 0; path = "Coder Swag App.app"; sourceTree = BUILT_PRODUCTS_DIR; };
		769F0E532474D71B00B14584 /* AppDelegate.swift */ = {isa = PBXFileReference; lastKnownFileType = sourcecode.swift; path = AppDelegate.swift; sourceTree = "<group>"; };
		769F0E552474D71B00B14584 /* SceneDelegate.swift */ = {isa = PBXFileReference; lastKnownFileType = sourcecode.swift; path = SceneDelegate.swift; sourceTree = "<group>"; };
		769F0E5A2474D71B00B14584 /* Base */ = {isa = PBXFileReference; lastKnownFileType = file.storyboard; name = Base; path = Base.lproj/Main.storyboard; sourceTree = "<group>"; };
		769F0E5C2474D71F00B14584 /* Assets.xcassets */ = {isa = PBXFileReference; lastKnownFileType = folder.assetcatalog; path = Assets.xcassets; sourceTree = "<group>"; };
		769F0E5F2474D71F00B14584 /* Base */ = {isa = PBXFileReference; lastKnownFileType = file.storyboard; name = Base; path = Base.lproj/LaunchScreen.storyboard; sourceTree = "<group>"; };
		769F0E612474D71F00B14584 /* Info.plist */ = {isa = PBXFileReference; lastKnownFileType = text.plist.xml; path = Info.plist; sourceTree = "<group>"; };
		769F0E6A2474E24600B14584 /* CategoryCell.swift */ = {isa = PBXFileReference; lastKnownFileType = sourcecode.swift; path = CategoryCell.swift; sourceTree = "<group>"; };
/* End PBXFileReference section */

/* Begin PBXFrameworksBuildPhase section */
		769F0E4D2474D71B00B14584 /* Frameworks */ = {
			isa = PBXFrameworksBuildPhase;
			buildActionMask = 2147483647;
			files = (
			);
			runOnlyForDeploymentPostprocessing = 0;
		};
/* End PBXFrameworksBuildPhase section */

/* Begin PBXGroup section */
		76839B6B247505F200A47AE7 /* Services */ = {
			isa = PBXGroup;
			children = (
				76839B6C2475063A00A47AE7 /* DataService.swift */,
			);
			path = Services;
			sourceTree = "<group>";
		};
		769F0E472474D71B00B14584 = {
			isa = PBXGroup;
			children = (
				769F0E522474D71B00B14584 /* Coder Swag App */,
				769F0E512474D71B00B14584 /* Products */,
			);
			sourceTree = "<group>";
		};
		769F0E512474D71B00B14584 /* Products */ = {
			isa = PBXGroup;
			children = (
				769F0E502474D71B00B14584 /* Coder Swag App.app */,
			);
			name = Products;
			sourceTree = "<group>";
		};
		769F0E522474D71B00B14584 /* Coder Swag App */ = {
			isa = PBXGroup;
			children = (
				76839B6B247505F200A47AE7 /* Services */,
				769F0E692474E17E00B14584 /* View */,
				769F0E682474E16E00B14584 /* Model */,
				769F0E672474E15E00B14584 /* Controller */,
				769F0E532474D71B00B14584 /* AppDelegate.swift */,
				769F0E552474D71B00B14584 /* SceneDelegate.swift */,
				769F0E592474D71B00B14584 /* Main.storyboard */,
				769F0E5C2474D71F00B14584 /* Assets.xcassets */,
				769F0E5E2474D71F00B14584 /* LaunchScreen.storyboard */,
				769F0E612474D71F00B14584 /* Info.plist */,
			);
			path = "Coder Swag App";
			sourceTree = "<group>";
		};
		769F0E672474E15E00B14584 /* Controller */ = {
			isa = PBXGroup;
			children = (
				76839B692474E7FD00A47AE7 /* CategoriesVC.swift */,
				76839B742478E4E300A47AE7 /* ProductsVC.swift */,
			);
			path = Controller;
			sourceTree = "<group>";
		};
		769F0E682474E16E00B14584 /* Model */ = {
			isa = PBXGroup;
			children = (
				76839B6E2475092E00A47AE7 /* Category.swift */,
				76839B722478D84200A47AE7 /* Product.swift */,
			);
			path = Model;
			sourceTree = "<group>";
		};
		769F0E692474E17E00B14584 /* View */ = {
			isa = PBXGroup;
			children = (
				769F0E6A2474E24600B14584 /* CategoryCell.swift */,
				76839B702478D4E000A47AE7 /* ProductCell.swift */,
			);
			path = View;
			sourceTree = "<group>";
		};
/* End PBXGroup section */

/* Begin PBXNativeTarget section */
		769F0E4F2474D71B00B14584 /* Coder Swag App */ = {
			isa = PBXNativeTarget;
			buildConfigurationList = 769F0E642474D71F00B14584 /* Build configuration list for PBXNativeTarget "Coder Swag App" */;
			buildPhases = (
				769F0E4C2474D71B00B14584 /* Sources */,
				769F0E4D2474D71B00B14584 /* Frameworks */,
				769F0E4E2474D71B00B14584 /* Resources */,
			);
			buildRules = (
			);
			dependencies = (
			);
			name = "Coder Swag App";
			productName = "Coder Swag App";
			productReference = 769F0E502474D71B00B14584 /* Coder Swag App.app */;
			productType = "com.apple.product-type.application";
		};
/* End PBXNativeTarget section */

/* Begin PBXProject section */
		769F0E482474D71B00B14584 /* Project object */ = {
			isa = PBXProject;
			attributes = {
				LastSwiftUpdateCheck = 1130;
				LastUpgradeCheck = 1130;
				ORGANIZATIONNAME = "Mohamed Adel";
				TargetAttributes = {
					769F0E4F2474D71B00B14584 = {
						CreatedOnToolsVersion = 11.3.1;
					};
				};
			};
			buildConfigurationList = 769F0E4B2474D71B00B14584 /* Build configuration list for PBXProject "Coder Swag App" */;
			compatibilityVersion = "Xcode 9.3";
			developmentRegion = en;
			hasScannedForEncodings = 0;
			knownRegions = (
				en,
				Base,
			);
			mainGroup = 769F0E472474D71B00B14584;
			productRefGroup = 769F0E512474D71B00B14584 /* Products */;
			projectDirPath = "";
			projectRoot = "";
			targets = (
				769F0E4F2474D71B00B14584 /* Coder Swag App */,
			);
		};
/* End PBXProject section */

/* Begin PBXResourcesBuildPhase section */
		769F0E4E2474D71B00B14584 /* Resources */ = {
			isa = PBXResourcesBuildPhase;
			buildActionMask = 2147483647;
			files = (
				769F0E602474D71F00B14584 /* LaunchScreen.storyboard in Resources */,
				769F0E5D2474D71F00B14584 /* Assets.xcassets in Resources */,
				769F0E5B2474D71B00B14584 /* Main.storyboard in Resources */,
			);
			runOnlyForDeploymentPostprocessing = 0;
		};
/* End PBXResourcesBuildPhase section */

/* Begin PBXSourcesBuildPhase section */
		769F0E4C2474D71B00B14584 /* Sources */ = {
			isa = PBXSourcesBuildPhase;
			buildActionMask = 2147483647;
			files = (
				76839B6A2474E7FD00A47AE7 /* CategoriesVC.swift in Sources */,
				76839B732478D84200A47AE7 /* Product.swift in Sources */,
				769F0E542474D71B00B14584 /* AppDelegate.swift in Sources */,
				769F0E562474D71B00B14584 /* SceneDelegate.swift in Sources */,
				769F0E6B2474E24600B14584 /* CategoryCell.swift in Sources */,
				76839B6D2475063A00A47AE7 /* DataService.swift in Sources */,
				76839B712478D4E000A47AE7 /* ProductCell.swift in Sources */,
				76839B6F2475092E00A47AE7 /* Category.swift in Sources */,
				76839B752478E4E300A47AE7 /* ProductsVC.swift in Sources */,
			);
			runOnlyForDeploymentPostprocessing = 0;
		};
/* End PBXSourcesBuildPhase section */

/* Begin PBXVariantGroup section */
		769F0E592474D71B00B14584 /* Main.storyboard */ = {
			isa = PBXVariantGroup;
			children = (
				769F0E5A2474D71B00B14584 /* Base */,
			);
			name = Main.storyboard;
			sourceTree = "<group>";
		};
		769F0E5E2474D71F00B14584 /* LaunchScreen.storyboard */ = {
			isa = PBXVariantGroup;
			children = (
				769F0E5F2474D71F00B14584 /* Base */,
			);
			name = LaunchScreen.storyboard;
			sourceTree = "<group>";
		};
/* End PBXVariantGroup section */

/* Begin XCBuildConfiguration section */
		769F0E622474D71F00B14584 /* Debug */ = {
			isa = XCBuildConfiguration;
			buildSettings = {
				ALWAYS_SEARCH_USER_PATHS = NO;
				CLANG_ANALYZER_NONNULL = YES;
				CLANG_ANALYZER_NUMBER_OBJECT_CONVERSION = YES_AGGRESSIVE;
				CLANG_CXX_LANGUAGE_STANDARD = "gnu++14";
				CLANG_CXX_LIBRARY = "libc++";
				CLANG_ENABLE_MODULES = YES;
				CLANG_ENABLE_OBJC_ARC = YES;
				CLANG_ENABLE_OBJC_WEAK = YES;
				CLANG_WARN_BLOCK_CAPTURE_AUTORELEASING = YES;
				CLANG_WARN_BOOL_CONVERSION = YES;
				CLANG_WARN_COMMA = YES;
				CLANG_WARN_CONSTANT_CONVERSION = YES;
				CLANG_WARN_DEPRECATED_OBJC_IMPLEMENTATIONS = YES;
				CLANG_WARN_DIRECT_OBJC_ISA_USAGE = YES_ERROR;
				CLANG_WARN_DOCUMENTATION_COMMENTS = YES;
				CLANG_WARN_EMPTY_BODY = YES;
				CLANG_WARN_ENUM_CONVERSION = YES;
				CLANG_WARN_INFINITE_RECURSION = YES;
				CLANG_WARN_INT_CONVERSION = YES;
				CLANG_WARN_NON_LITERAL_NULL_CONVERSION = YES;
				CLANG_WARN_OBJC_IMPLICIT_RETAIN_SELF = YES;
				CLANG_WARN_OBJC_LITERAL_CONVERSION = YES;
				CLANG_WARN_OBJC_ROOT_CLASS = YES_ERROR;
				CLANG_WARN_RANGE_LOOP_ANALYSIS = YES;
				CLANG_WARN_STRICT_PROTOTYPES = YES;
				CLANG_WARN_SUSPICIOUS_MOVE = YES;
				CLANG_WARN_UNGUARDED_AVAILABILITY = YES_AGGRESSIVE;
				CLANG_WARN_UNREACHABLE_CODE = YES;
				CLANG_WARN__DUPLICATE_METHOD_MATCH = YES;
				COPY_PHASE_STRIP = NO;
				DEBUG_INFORMATION_FORMAT = dwarf;
				ENABLE_STRICT_OBJC_MSGSEND = YES;
				ENABLE_TESTABILITY = YES;
				GCC_C_LANGUAGE_STANDARD = gnu11;
				GCC_DYNAMIC_NO_PIC = NO;
				GCC_NO_COMMON_BLOCKS = YES;
				GCC_OPTIMIZATION_LEVEL = 0;
				GCC_PREPROCESSOR_DEFINITIONS = (
					"DEBUG=1",
					"$(inherited)",
				);
				GCC_WARN_64_TO_32_BIT_CONVERSION = YES;
				GCC_WARN_ABOUT_RETURN_TYPE = YES_ERROR;
				GCC_WARN_UNDECLARED_SELECTOR = YES;
				GCC_WARN_UNINITIALIZED_AUTOS = YES_AGGRESSIVE;
				GCC_WARN_UNUSED_FUNCTION = YES;
				GCC_WARN_UNUSED_VARIABLE = YES;
				IPHONEOS_DEPLOYMENT_TARGET = 13.2;
				MTL_ENABLE_DEBUG_INFO = INCLUDE_SOURCE;
				MTL_FAST_MATH = YES;
				ONLY_ACTIVE_ARCH = YES;
				SDKROOT = iphoneos;
				SWIFT_ACTIVE_COMPILATION_CONDITIONS = DEBUG;
				SWIFT_OPTIMIZATION_LEVEL = "-Onone";
			};
			name = Debug;
		};
		769F0E632474D71F00B14584 /* Release */ = {
			isa = XCBuildConfiguration;
			buildSettings = {
				ALWAYS_SEARCH_USER_PATHS = NO;
				CLANG_ANALYZER_NONNULL = YES;
				CLANG_ANALYZER_NUMBER_OBJECT_CONVERSION = YES_AGGRESSIVE;
				CLANG_CXX_LANGUAGE_STANDARD = "gnu++14";
				CLANG_CXX_LIBRARY = "libc++";
				CLANG_ENABLE_MODULES = YES;
				CLANG_ENABLE_OBJC_ARC = YES;
				CLANG_ENABLE_OBJC_WEAK = YES;
				CLANG_WARN_BLOCK_CAPTURE_AUTORELEASING = YES;
				CLANG_WARN_BOOL_CONVERSION = YES;
				CLANG_WARN_COMMA = YES;
				CLANG_WARN_CONSTANT_CONVERSION = YES;
				CLANG_WARN_DEPRECATED_OBJC_IMPLEMENTATIONS = YES;
				CLANG_WARN_DIRECT_OBJC_ISA_USAGE = YES_ERROR;
				CLANG_WARN_DOCUMENTATION_COMMENTS = YES;
				CLANG_WARN_EMPTY_BODY = YES;
				CLANG_WARN_ENUM_CONVERSION = YES;
				CLANG_WARN_INFINITE_RECURSION = YES;
				CLANG_WARN_INT_CONVERSION = YES;
				CLANG_WARN_NON_LITERAL_NULL_CONVERSION = YES;
				CLANG_WARN_OBJC_IMPLICIT_RETAIN_SELF = YES;
				CLANG_WARN_OBJC_LITERAL_CONVERSION = YES;
				CLANG_WARN_OBJC_ROOT_CLASS = YES_ERROR;
				CLANG_WARN_RANGE_LOOP_ANALYSIS = YES;
				CLANG_WARN_STRICT_PROTOTYPES = YES;
				CLANG_WARN_SUSPICIOUS_MOVE = YES;
				CLANG_WARN_UNGUARDED_AVAILABILITY = YES_AGGRESSIVE;
				CLANG_WARN_UNREACHABLE_CODE = YES;
				CLANG_WARN__DUPLICATE_METHOD_MATCH = YES;
				COPY_PHASE_STRIP = NO;
				DEBUG_INFORMATION_FORMAT = "dwarf-with-dsym";
				ENABLE_NS_ASSERTIONS = NO;
				ENABLE_STRICT_OBJC_MSGSEND = YES;
				GCC_C_LANGUAGE_STANDARD = gnu11;
				GCC_NO_COMMON_BLOCKS = YES;
				GCC_WARN_64_TO_32_BIT_CONVERSION = YES;
				GCC_WARN_ABOUT_RETURN_TYPE = YES_ERROR;
				GCC_WARN_UNDECLARED_SELECTOR = YES;
				GCC_WARN_UNINITIALIZED_AUTOS = YES_AGGRESSIVE;
				GCC_WARN_UNUSED_FUNCTION = YES;
				GCC_WARN_UNUSED_VARIABLE = YES;
				IPHONEOS_DEPLOYMENT_TARGET = 13.2;
				MTL_ENABLE_DEBUG_INFO = NO;
				MTL_FAST_MATH = YES;
				SDKROOT = iphoneos;
				SWIFT_COMPILATION_MODE = wholemodule;
				SWIFT_OPTIMIZATION_LEVEL = "-O";
				VALIDATE_PRODUCT = YES;
			};
			name = Release;
		};
		769F0E652474D71F00B14584 /* Debug */ = {
			isa = XCBuildConfiguration;
			buildSettings = {
				ASSETCATALOG_COMPILER_APPICON_NAME = AppIcon;
				CODE_SIGN_STYLE = Automatic;
				INFOPLIST_FILE = "Coder Swag App/Info.plist";
				LD_RUNPATH_SEARCH_PATHS = (
					"$(inherited)",
					"@executable_path/Frameworks",
				);
				PRODUCT_BUNDLE_IDENTIFIER = "Mohamed-Adel.Coder-Swag-App";
				PRODUCT_NAME = "$(TARGET_NAME)";
				SWIFT_VERSION = 5.0;
				TARGETED_DEVICE_FAMILY = "1,2";
			};
			name = Debug;
		};
		769F0E662474D71F00B14584 /* Release */ = {
			isa = XCBuildConfiguration;
			buildSettings = {
				ASSETCATALOG_COMPILER_APPICON_NAME = AppIcon;
				CODE_SIGN_STYLE = Automatic;
				INFOPLIST_FILE = "Coder Swag App/Info.plist";
				LD_RUNPATH_SEARCH_PATHS = (
					"$(inherited)",
					"@executable_path/Frameworks",
				);
				PRODUCT_BUNDLE_IDENTIFIER = "Mohamed-Adel.Coder-Swag-App";
				PRODUCT_NAME = "$(TARGET_NAME)";
				SWIFT_VERSION = 5.0;
				TARGETED_DEVICE_FAMILY = "1,2";
			};
			name = Release;
		};
/* End XCBuildConfiguration section */

/* Begin XCConfigurationList section */
		769F0E4B2474D71B00B14584 /* Build configuration list for PBXProject "Coder Swag App" */ = {
			isa = XCConfigurationList;
			buildConfigurations = (
				769F0E622474D71F00B14584 /* Debug */,
				769F0E632474D71F00B14584 /* Release */,
			);
			defaultConfigurationIsVisible = 0;
			defaultConfigurationName = Release;
		};
		769F0E642474D71F00B14584 /* Build configuration list for PBXNativeTarget "Coder Swag App" */ = {
			isa = XCConfigurationList;
			buildConfigurations = (
				769F0E652474D71F00B14584 /* Debug */,
				769F0E662474D71F00B14584 /* Release */,
			);
			defaultConfigurationIsVisible = 0;
			defaultConfigurationName = Release;
		};
/* End XCConfigurationList section */
	};
	rootObject = 769F0E482474D71B00B14584 /* Project object */;
}
